
Microsoft Visual Studio Solution File, Format Version 12.00
# Visual Studio Version 16
VisualStudioVersion = 16.0.30907.101
MinimumVisualStudioVersion = 10.0.40219.1
Project("{FAE04EC0-301F-11D3-BF4B-00C04F79EFBC}") = "Tp 1", "Tp 1.csproj", "{0F1FEE62-08DA-443E-99A9-7A80F6C2748E}"
EndProject
Global
	GlobalSection(SolutionConfigurationPlatforms) = preSolution
		Debug|Any CPU = Debug|Any CPU
		Release|Any CPU = Release|Any CPU
	EndGlobalSection
	GlobalSection(ProjectConfigurationPlatforms) = postSolution
		{0F1FEE62-08DA-443E-99A9-7A80F6C2748E}.Debug|Any CPU.ActiveCfg = Debug|Any CPU
		{0F1FEE62-08DA-443E-99A9-7A80F6C2748E}.Debug|Any CPU.Build.0 = Debug|Any CPU
		{0F1FEE62-08DA-443E-99A9-7A80F6C2748E}.Release|Any CPU.ActiveCfg = Release|Any CPU
		{0F1FEE62-08DA-443E-99A9-7A80F6C2748E}.Release|Any CPU.Build.0 = Release|Any CPU
	EndGlobalSection
	GlobalSection(SolutionProperties) = preSolution
		HideSolutionNode = FALSE
	EndGlobalSection
	GlobalSection(ExtensibilityGlobals) = postSolution
		SolutionGuid = {67ACE7E6-47F0-4924-A993-D9AF43D78BE6}
	EndGlobalSection
EndGlobal
